
Microsoft Visual Studio Solution File, Format Version 12.00
# Visual Studio Version 17
VisualStudioVersion = 17.8.34309.116
MinimumVisualStudioVersion = 10.0.40219.1
Project("{9A19103F-16F7-4668-BE54-9A1E7A4F7556}") = "server", "Messenger\server.csproj", "{DF8E6B56-DEB2-4DB3-940E-F3F135B816E5}"
EndProject
Project("{FAE04EC0-301F-11D3-BF4B-00C04F79EFBC}") = "client", "client\client.csproj", "{E06541DD-7230-4E89-ACBE-309C884AC2D9}"
EndProject
Global
	GlobalSection(SolutionConfigurationPlatforms) = preSolution
		Debug|Any CPU = Debug|Any CPU
		Release|Any CPU = Release|Any CPU
	EndGlobalSection
	GlobalSection(ProjectConfigurationPlatforms) = postSolution
		{DF8E6B56-DEB2-4DB3-940E-F3F135B816E5}.Debug|Any CPU.ActiveCfg = Debug|Any CPU
		{DF8E6B56-DEB2-4DB3-940E-F3F135B816E5}.Debug|Any CPU.Build.0 = Debug|Any CPU
		{DF8E6B56-DEB2-4DB3-940E-F3F135B816E5}.Release|Any CPU.ActiveCfg = Release|Any CPU
		{DF8E6B56-DEB2-4DB3-940E-F3F135B816E5}.Release|Any CPU.Build.0 = Release|Any CPU
		{E06541DD-7230-4E89-ACBE-309C884AC2D9}.Debug|Any CPU.ActiveCfg = Debug|Any CPU
		{E06541DD-7230-4E89-ACBE-309C884AC2D9}.Debug|Any CPU.Build.0 = Debug|Any CPU
		{E06541DD-7230-4E89-ACBE-309C884AC2D9}.Release|Any CPU.ActiveCfg = Release|Any CPU
		{E06541DD-7230-4E89-ACBE-309C884AC2D9}.Release|Any CPU.Build.0 = Release|Any CPU
	EndGlobalSection
	GlobalSection(SolutionProperties) = preSolution
		HideSolutionNode = FALSE
	EndGlobalSection
	GlobalSection(ExtensibilityGlobals) = postSolution
		SolutionGuid = {737C9D55-9B66-4F28-A0EA-4F82C299FB35}
	EndGlobalSection
EndGlobal
